// !$*UTF8*$!
{
	archiveVersion = 1;
	classes = {
	};
	objectVersion = 50;
	objects = {

/* Begin PBXBuildFile section */
		5D4929372487D7D50074B9C6 /* Constants.swift in Sources */ = {isa = PBXBuildFile; fileRef = 5D4929362487D7D50074B9C6 /* Constants.swift */; };
		5D492951248E66650074B9C6 /* CurrencyConverterTextField.swift in Sources */ = {isa = PBXBuildFile; fileRef = 5D492950248E66650074B9C6 /* CurrencyConverterTextField.swift */; };
		5D492953248E70B80074B9C6 /* Alert.swift in Sources */ = {isa = PBXBuildFile; fileRef = 5D492952248E70B80074B9C6 /* Alert.swift */; };
		5D492955248EBB990074B9C6 /* CurrencyConverterVC+ext.swift in Sources */ = {isa = PBXBuildFile; fileRef = 5D492954248EBB990074B9C6 /* CurrencyConverterVC+ext.swift */; };
		5D492959248F90E50074B9C6 /* Currency.swift in Sources */ = {isa = PBXBuildFile; fileRef = 5D492958248F90E50074B9C6 /* Currency.swift */; };
		5D49295B248F93440074B9C6 /* CurrencyConverterVC.swift in Sources */ = {isa = PBXBuildFile; fileRef = 5D49295A248F93440074B9C6 /* CurrencyConverterVC.swift */; };
		5D68AC6424868BF10096D3A3 /* AppDelegate.swift in Sources */ = {isa = PBXBuildFile; fileRef = 5D68AC6324868BF10096D3A3 /* AppDelegate.swift */; };
		5D68AC6624868BF10096D3A3 /* SceneDelegate.swift in Sources */ = {isa = PBXBuildFile; fileRef = 5D68AC6524868BF10096D3A3 /* SceneDelegate.swift */; };
		5D68AC6B24868BF10096D3A3 /* Main.storyboard in Resources */ = {isa = PBXBuildFile; fileRef = 5D68AC6924868BF10096D3A3 /* Main.storyboard */; };
		5D68AC6D24868BF40096D3A3 /* Assets.xcassets in Resources */ = {isa = PBXBuildFile; fileRef = 5D68AC6C24868BF40096D3A3 /* Assets.xcassets */; };
		5D68AC7024868BF40096D3A3 /* LaunchScreen.storyboard in Resources */ = {isa = PBXBuildFile; fileRef = 5D68AC6E24868BF40096D3A3 /* LaunchScreen.storyboard */; };
		5DB316E82490DE67004AE541 /* NetworkManager.swift in Sources */ = {isa = PBXBuildFile; fileRef = 5DB316E72490DE67004AE541 /* NetworkManager.swift */; };
/* End PBXBuildFile section */

/* Begin PBXFileReference section */
		5D4929362487D7D50074B9C6 /* Constants.swift */ = {isa = PBXFileReference; lastKnownFileType = sourcecode.swift; path = Constants.swift; sourceTree = "<group>"; };
		5D492950248E66650074B9C6 /* CurrencyConverterTextField.swift */ = {isa = PBXFileReference; lastKnownFileType = sourcecode.swift; path = CurrencyConverterTextField.swift; sourceTree = "<group>"; };
		5D492952248E70B80074B9C6 /* Alert.swift */ = {isa = PBXFileReference; lastKnownFileType = sourcecode.swift; path = Alert.swift; sourceTree = "<group>"; };
		5D492954248EBB990074B9C6 /* CurrencyConverterVC+ext.swift */ = {isa = PBXFileReference; lastKnownFileType = sourcecode.swift; path = "CurrencyConverterVC+ext.swift"; sourceTree = "<group>"; };
		5D492958248F90E50074B9C6 /* Currency.swift */ = {isa = PBXFileReference; lastKnownFileType = sourcecode.swift; path = Currency.swift; sourceTree = "<group>"; };
		5D49295A248F93440074B9C6 /* CurrencyConverterVC.swift */ = {isa = PBXFileReference; fileEncoding = 4; lastKnownFileType = sourcecode.swift; path = CurrencyConverterVC.swift; sourceTree = "<group>"; };
		5D68AC6024868BF10096D3A3 /* Currency Converter.app */ = {isa = PBXFileReference; explicitFileType = wrapper.application; includeInIndex = 0; path = "Currency Converter.app"; sourceTree = BUILT_PRODUCTS_DIR; };
		5D68AC6324868BF10096D3A3 /* AppDelegate.swift */ = {isa = PBXFileReference; lastKnownFileType = sourcecode.swift; path = AppDelegate.swift; sourceTree = "<group>"; };
		5D68AC6524868BF10096D3A3 /* SceneDelegate.swift */ = {isa = PBXFileReference; lastKnownFileType = sourcecode.swift; path = SceneDelegate.swift; sourceTree = "<group>"; };
		5D68AC6A24868BF10096D3A3 /* Base */ = {isa = PBXFileReference; lastKnownFileType = file.storyboard; name = Base; path = Base.lproj/Main.storyboard; sourceTree = "<group>"; };
		5D68AC6C24868BF40096D3A3 /* Assets.xcassets */ = {isa = PBXFileReference; lastKnownFileType = folder.assetcatalog; path = Assets.xcassets; sourceTree = "<group>"; };
		5D68AC6F24868BF40096D3A3 /* Base */ = {isa = PBXFileReference; lastKnownFileType = file.storyboard; name = Base; path = Base.lproj/LaunchScreen.storyboard; sourceTree = "<group>"; };
		5D68AC7124868BF40096D3A3 /* Info.plist */ = {isa = PBXFileReference; lastKnownFileType = text.plist.xml; path = Info.plist; sourceTree = "<group>"; };
		5DB316E72490DE67004AE541 /* NetworkManager.swift */ = {isa = PBXFileReference; lastKnownFileType = sourcecode.swift; path = NetworkManager.swift; sourceTree = "<group>"; };
/* End PBXFileReference section */

/* Begin PBXFrameworksBuildPhase section */
		5D68AC5D24868BF10096D3A3 /* Frameworks */ = {
			isa = PBXFrameworksBuildPhase;
			buildActionMask = 2147483647;
			files = (
			);
			runOnlyForDeploymentPostprocessing = 0;
		};
/* End PBXFrameworksBuildPhase section */

/* Begin PBXGroup section */
		5D68AC5724868BF10096D3A3 = {
			isa = PBXGroup;
			children = (
				5D68AC6224868BF10096D3A3 /* Currency Converter */,
				5D68AC6124868BF10096D3A3 /* Products */,
			);
			sourceTree = "<group>";
		};
		5D68AC6124868BF10096D3A3 /* Products */ = {
			isa = PBXGroup;
			children = (
				5D68AC6024868BF10096D3A3 /* Currency Converter.app */,
			);
			name = Products;
			sourceTree = "<group>";
		};
		5D68AC6224868BF10096D3A3 /* Currency Converter */ = {
			isa = PBXGroup;
			children = (
				5D68AC6324868BF10096D3A3 /* AppDelegate.swift */,
				5D68AC6524868BF10096D3A3 /* SceneDelegate.swift */,
				5D492958248F90E50074B9C6 /* Currency.swift */,
				5D492952248E70B80074B9C6 /* Alert.swift */,
				5D49295A248F93440074B9C6 /* CurrencyConverterVC.swift */,
				5D4929362487D7D50074B9C6 /* Constants.swift */,
				5D492950248E66650074B9C6 /* CurrencyConverterTextField.swift */,
				5D492954248EBB990074B9C6 /* CurrencyConverterVC+ext.swift */,
				5DB316E72490DE67004AE541 /* NetworkManager.swift */,
				5D68AC6924868BF10096D3A3 /* Main.storyboard */,
				5D68AC6C24868BF40096D3A3 /* Assets.xcassets */,
				5D68AC6E24868BF40096D3A3 /* LaunchScreen.storyboard */,
				5D68AC7124868BF40096D3A3 /* Info.plist */,
			);
			path = "Currency Converter";
			sourceTree = "<group>";
		};
/* End PBXGroup section */

/* Begin PBXNativeTarget section */
		5D68AC5F24868BF10096D3A3 /* Currency Converter */ = {
			isa = PBXNativeTarget;
			buildConfigurationList = 5D68AC7424868BF40096D3A3 /* Build configuration list for PBXNativeTarget "Currency Converter" */;
			buildPhases = (
				5D68AC5C24868BF10096D3A3 /* Sources */,
				5D68AC5D24868BF10096D3A3 /* Frameworks */,
				5D68AC5E24868BF10096D3A3 /* Resources */,
			);
			buildRules = (
			);
			dependencies = (
			);
			name = "Currency Converter";
			productName = "Currency Converter";
			productReference = 5D68AC6024868BF10096D3A3 /* Currency Converter.app */;
			productType = "com.apple.product-type.application";
		};
/* End PBXNativeTarget section */

/* Begin PBXProject section */
		5D68AC5824868BF10096D3A3 /* Project object */ = {
			isa = PBXProject;
			attributes = {
				LastSwiftUpdateCheck = 1140;
				LastUpgradeCheck = 1140;
				ORGANIZATIONNAME = "Anastasia Skoryukova";
				TargetAttributes = {
					5D68AC5F24868BF10096D3A3 = {
						CreatedOnToolsVersion = 11.4.1;
					};
				};
			};
			buildConfigurationList = 5D68AC5B24868BF10096D3A3 /* Build configuration list for PBXProject "Currency Converter" */;
			compatibilityVersion = "Xcode 9.3";
			developmentRegion = en;
			hasScannedForEncodings = 0;
			knownRegions = (
				en,
				Base,
			);
			mainGroup = 5D68AC5724868BF10096D3A3;
			productRefGroup = 5D68AC6124868BF10096D3A3 /* Products */;
			projectDirPath = "";
			projectRoot = "";
			targets = (
				5D68AC5F24868BF10096D3A3 /* Currency Converter */,
			);
		};
/* End PBXProject section */

/* Begin PBXResourcesBuildPhase section */
		5D68AC5E24868BF10096D3A3 /* Resources */ = {
			isa = PBXResourcesBuildPhase;
			buildActionMask = 2147483647;
			files = (
				5D68AC7024868BF40096D3A3 /* LaunchScreen.storyboard in Resources */,
				5D68AC6D24868BF40096D3A3 /* Assets.xcassets in Resources */,
				5D68AC6B24868BF10096D3A3 /* Main.storyboard in Resources */,
			);
			runOnlyForDeploymentPostprocessing = 0;
		};
/* End PBXResourcesBuildPhase section */

/* Begin PBXSourcesBuildPhase section */
		5D68AC5C24868BF10096D3A3 /* Sources */ = {
			isa = PBXSourcesBuildPhase;
			buildActionMask = 2147483647;
			files = (
				5DB316E82490DE67004AE541 /* NetworkManager.swift in Sources */,
				5D492959248F90E50074B9C6 /* Currency.swift in Sources */,
				5D492953248E70B80074B9C6 /* Alert.swift in Sources */,
				5D492951248E66650074B9C6 /* CurrencyConverterTextField.swift in Sources */,
				5D492955248EBB990074B9C6 /* CurrencyConverterVC+ext.swift in Sources */,
				5D68AC6424868BF10096D3A3 /* AppDelegate.swift in Sources */,
				5D49295B248F93440074B9C6 /* CurrencyConverterVC.swift in Sources */,
				5D68AC6624868BF10096D3A3 /* SceneDelegate.swift in Sources */,
				5D4929372487D7D50074B9C6 /* Constants.swift in Sources */,
			);
			runOnlyForDeploymentPostprocessing = 0;
		};
/* End PBXSourcesBuildPhase section */

/* Begin PBXVariantGroup section */
		5D68AC6924868BF10096D3A3 /* Main.storyboard */ = {
			isa = PBXVariantGroup;
			children = (
				5D68AC6A24868BF10096D3A3 /* Base */,
			);
			name = Main.storyboard;
			sourceTree = "<group>";
		};
		5D68AC6E24868BF40096D3A3 /* LaunchScreen.storyboard */ = {
			isa = PBXVariantGroup;
			children = (
				5D68AC6F24868BF40096D3A3 /* Base */,
			);
			name = LaunchScreen.storyboard;
			sourceTree = "<group>";
		};
/* End PBXVariantGroup section */

/* Begin XCBuildConfiguration section */
		5D68AC7224868BF40096D3A3 /* Debug */ = {
			isa = XCBuildConfiguration;
			buildSettings = {
				ALWAYS_SEARCH_USER_PATHS = NO;
				CLANG_ANALYZER_NONNULL = YES;
				CLANG_ANALYZER_NUMBER_OBJECT_CONVERSION = YES_AGGRESSIVE;
				CLANG_CXX_LANGUAGE_STANDARD = "gnu++14";
				CLANG_CXX_LIBRARY = "libc++";
				CLANG_ENABLE_MODULES = YES;
				CLANG_ENABLE_OBJC_ARC = YES;
				CLANG_ENABLE_OBJC_WEAK = YES;
				CLANG_WARN_BLOCK_CAPTURE_AUTORELEASING = YES;
				CLANG_WARN_BOOL_CONVERSION = YES;
				CLANG_WARN_COMMA = YES;
				CLANG_WARN_CONSTANT_CONVERSION = YES;
				CLANG_WARN_DEPRECATED_OBJC_IMPLEMENTATIONS = YES;
				CLANG_WARN_DIRECT_OBJC_ISA_USAGE = YES_ERROR;
				CLANG_WARN_DOCUMENTATION_COMMENTS = YES;
				CLANG_WARN_EMPTY_BODY = YES;
				CLANG_WARN_ENUM_CONVERSION = YES;
				CLANG_WARN_INFINITE_RECURSION = YES;
				CLANG_WARN_INT_CONVERSION = YES;
				CLANG_WARN_NON_LITERAL_NULL_CONVERSION = YES;
				CLANG_WARN_OBJC_IMPLICIT_RETAIN_SELF = YES;
				CLANG_WARN_OBJC_LITERAL_CONVERSION = YES;
				CLANG_WARN_OBJC_ROOT_CLASS = YES_ERROR;
				CLANG_WARN_RANGE_LOOP_ANALYSIS = YES;
				CLANG_WARN_STRICT_PROTOTYPES = YES;
				CLANG_WARN_SUSPICIOUS_MOVE = YES;
				CLANG_WARN_UNGUARDED_AVAILABILITY = YES_AGGRESSIVE;
				CLANG_WARN_UNREACHABLE_CODE = YES;
				CLANG_WARN__DUPLICATE_METHOD_MATCH = YES;
				COPY_PHASE_STRIP = NO;
				DEBUG_INFORMATION_FORMAT = dwarf;
				ENABLE_STRICT_OBJC_MSGSEND = YES;
				ENABLE_TESTABILITY = YES;
				GCC_C_LANGUAGE_STANDARD = gnu11;
				GCC_DYNAMIC_NO_PIC = NO;
				GCC_NO_COMMON_BLOCKS = YES;
				GCC_OPTIMIZATION_LEVEL = 0;
				GCC_PREPROCESSOR_DEFINITIONS = (
					"DEBUG=1",
					"$(inherited)",
				);
				GCC_WARN_64_TO_32_BIT_CONVERSION = YES;
				GCC_WARN_ABOUT_RETURN_TYPE = YES_ERROR;
				GCC_WARN_UNDECLARED_SELECTOR = YES;
				GCC_WARN_UNINITIALIZED_AUTOS = YES_AGGRESSIVE;
				GCC_WARN_UNUSED_FUNCTION = YES;
				GCC_WARN_UNUSED_VARIABLE = YES;
				IPHONEOS_DEPLOYMENT_TARGET = 13.4;
				MTL_ENABLE_DEBUG_INFO = INCLUDE_SOURCE;
				MTL_FAST_MATH = YES;
				ONLY_ACTIVE_ARCH = YES;
				SDKROOT = iphoneos;
				SWIFT_ACTIVE_COMPILATION_CONDITIONS = DEBUG;
				SWIFT_OPTIMIZATION_LEVEL = "-Onone";
			};
			name = Debug;
		};
		5D68AC7324868BF40096D3A3 /* Release */ = {
			isa = XCBuildConfiguration;
			buildSettings = {
				ALWAYS_SEARCH_USER_PATHS = NO;
				CLANG_ANALYZER_NONNULL = YES;
				CLANG_ANALYZER_NUMBER_OBJECT_CONVERSION = YES_AGGRESSIVE;
				CLANG_CXX_LANGUAGE_STANDARD = "gnu++14";
				CLANG_CXX_LIBRARY = "libc++";
				CLANG_ENABLE_MODULES = YES;
				CLANG_ENABLE_OBJC_ARC = YES;
				CLANG_ENABLE_OBJC_WEAK = YES;
				CLANG_WARN_BLOCK_CAPTURE_AUTORELEASING = YES;
				CLANG_WARN_BOOL_CONVERSION = YES;
				CLANG_WARN_COMMA = YES;
				CLANG_WARN_CONSTANT_CONVERSION = YES;
				CLANG_WARN_DEPRECATED_OBJC_IMPLEMENTATIONS = YES;
				CLANG_WARN_DIRECT_OBJC_ISA_USAGE = YES_ERROR;
				CLANG_WARN_DOCUMENTATION_COMMENTS = YES;
				CLANG_WARN_EMPTY_BODY = YES;
				CLANG_WARN_ENUM_CONVERSION = YES;
				CLANG_WARN_INFINITE_RECURSION = YES;
				CLANG_WARN_INT_CONVERSION = YES;
				CLANG_WARN_NON_LITERAL_NULL_CONVERSION = YES;
				CLANG_WARN_OBJC_IMPLICIT_RETAIN_SELF = YES;
				CLANG_WARN_OBJC_LITERAL_CONVERSION = YES;
				CLANG_WARN_OBJC_ROOT_CLASS = YES_ERROR;
				CLANG_WARN_RANGE_LOOP_ANALYSIS = YES;
				CLANG_WARN_STRICT_PROTOTYPES = YES;
				CLANG_WARN_SUSPICIOUS_MOVE = YES;
				CLANG_WARN_UNGUARDED_AVAILABILITY = YES_AGGRESSIVE;
				CLANG_WARN_UNREACHABLE_CODE = YES;
				CLANG_WARN__DUPLICATE_METHOD_MATCH = YES;
				COPY_PHASE_STRIP = NO;
				DEBUG_INFORMATION_FORMAT = "dwarf-with-dsym";
				ENABLE_NS_ASSERTIONS = NO;
				ENABLE_STRICT_OBJC_MSGSEND = YES;
				GCC_C_LANGUAGE_STANDARD = gnu11;
				GCC_NO_COMMON_BLOCKS = YES;
				GCC_WARN_64_TO_32_BIT_CONVERSION = YES;
				GCC_WARN_ABOUT_RETURN_TYPE = YES_ERROR;
				GCC_WARN_UNDECLARED_SELECTOR = YES;
				GCC_WARN_UNINITIALIZED_AUTOS = YES_AGGRESSIVE;
				GCC_WARN_UNUSED_FUNCTION = YES;
				GCC_WARN_UNUSED_VARIABLE = YES;
				IPHONEOS_DEPLOYMENT_TARGET = 13.4;
				MTL_ENABLE_DEBUG_INFO = NO;
				MTL_FAST_MATH = YES;
				SDKROOT = iphoneos;
				SWIFT_COMPILATION_MODE = wholemodule;
				SWIFT_OPTIMIZATION_LEVEL = "-O";
				VALIDATE_PRODUCT = YES;
			};
			name = Release;
		};
		5D68AC7524868BF40096D3A3 /* Debug */ = {
			isa = XCBuildConfiguration;
			buildSettings = {
				ASSETCATALOG_COMPILER_APPICON_NAME = AppIcon;
				CODE_SIGN_STYLE = Automatic;
				DEVELOPMENT_TEAM = L44WKR575J;
				INFOPLIST_FILE = "Currency Converter/Info.plist";
				LD_RUNPATH_SEARCH_PATHS = (
					"$(inherited)",
					"@executable_path/Frameworks",
				);
				PRODUCT_BUNDLE_IDENTIFIER = "com.Anastasia-Skoryukova.Currency-Converter";
				PRODUCT_NAME = "$(TARGET_NAME)";
				SWIFT_VERSION = 5.0;
				TARGETED_DEVICE_FAMILY = "1,2";
			};
			name = Debug;
		};
		5D68AC7624868BF40096D3A3 /* Release */ = {
			isa = XCBuildConfiguration;
			buildSettings = {
				ASSETCATALOG_COMPILER_APPICON_NAME = AppIcon;
				CODE_SIGN_STYLE = Automatic;
				DEVELOPMENT_TEAM = L44WKR575J;
				INFOPLIST_FILE = "Currency Converter/Info.plist";
				LD_RUNPATH_SEARCH_PATHS = (
					"$(inherited)",
					"@executable_path/Frameworks",
				);
				PRODUCT_BUNDLE_IDENTIFIER = "com.Anastasia-Skoryukova.Currency-Converter";
				PRODUCT_NAME = "$(TARGET_NAME)";
				SWIFT_VERSION = 5.0;
				TARGETED_DEVICE_FAMILY = "1,2";
			};
			name = Release;
		};
/* End XCBuildConfiguration section */

/* Begin XCConfigurationList section */
		5D68AC5B24868BF10096D3A3 /* Build configuration list for PBXProject "Currency Converter" */ = {
			isa = XCConfigurationList;
			buildConfigurations = (
				5D68AC7224868BF40096D3A3 /* Debug */,
				5D68AC7324868BF40096D3A3 /* Release */,
			);
			defaultConfigurationIsVisible = 0;
			defaultConfigurationName = Release;
		};
		5D68AC7424868BF40096D3A3 /* Build configuration list for PBXNativeTarget "Currency Converter" */ = {
			isa = XCConfigurationList;
			buildConfigurations = (
				5D68AC7524868BF40096D3A3 /* Debug */,
				5D68AC7624868BF40096D3A3 /* Release */,
			);
			defaultConfigurationIsVisible = 0;
			defaultConfigurationName = Release;
		};
/* End XCConfigurationList section */
	};
	rootObject = 5D68AC5824868BF10096D3A3 /* Project object */;
}
